
Microsoft Visual Studio Solution File, Format Version 12.00
# Visual Studio 15
VisualStudioVersion = 15.0.27428.2002
MinimumVisualStudioVersion = 10.0.40219.1
Project("{FAE04EC0-301F-11D3-BF4B-00C04F79EFBC}") = "SocialNetwork", "SocialNetwork\SocialNetwork.csproj", "{75C9CE98-605A-4455-884A-15238B05AAC6}"
EndProject
Global
	GlobalSection(SolutionConfigurationPlatforms) = preSolution
		Debug|Any CPU = Debug|Any CPU
		Release|Any CPU = Release|Any CPU
	EndGlobalSection
	GlobalSection(ProjectConfigurationPlatforms) = postSolution
		{75C9CE98-605A-4455-884A-15238B05AAC6}.Debug|Any CPU.ActiveCfg = Debug|Any CPU
		{75C9CE98-605A-4455-884A-15238B05AAC6}.Debug|Any CPU.Build.0 = Debug|Any CPU
		{75C9CE98-605A-4455-884A-15238B05AAC6}.Release|Any CPU.ActiveCfg = Release|Any CPU
		{75C9CE98-605A-4455-884A-15238B05AAC6}.Release|Any CPU.Build.0 = Release|Any CPU
	EndGlobalSection
	GlobalSection(SolutionProperties) = preSolution
		HideSolutionNode = FALSE
	EndGlobalSection
	GlobalSection(ExtensibilityGlobals) = postSolution
		SolutionGuid = {304555D5-4387-4B50-845D-4C67DDCFAF4E}
	EndGlobalSection
EndGlobal
